
Microsoft Visual Studio Solution File, Format Version 12.00
# Visual Studio Version 16
VisualStudioVersion = 16.0.28803.352
MinimumVisualStudioVersion = 10.0.40219.1
Project("{FAE04EC0-301F-11D3-BF4B-00C04F79EFBC}") = "DP Week 3", "DP Week 3\DP Week 3.csproj", "{24416B80-1384-41B0-B88D-9DFC62EB4DD4}"
EndProject
Global
	GlobalSection(SolutionConfigurationPlatforms) = preSolution
		Debug|Any CPU = Debug|Any CPU
		Release|Any CPU = Release|Any CPU
	EndGlobalSection
	GlobalSection(ProjectConfigurationPlatforms) = postSolution
		{24416B80-1384-41B0-B88D-9DFC62EB4DD4}.Debug|Any CPU.ActiveCfg = Debug|Any CPU
		{24416B80-1384-41B0-B88D-9DFC62EB4DD4}.Debug|Any CPU.Build.0 = Debug|Any CPU
		{24416B80-1384-41B0-B88D-9DFC62EB4DD4}.Release|Any CPU.ActiveCfg = Release|Any CPU
		{24416B80-1384-41B0-B88D-9DFC62EB4DD4}.Release|Any CPU.Build.0 = Release|Any CPU
	EndGlobalSection
	GlobalSection(SolutionProperties) = preSolution
		HideSolutionNode = FALSE
	EndGlobalSection
	GlobalSection(ExtensibilityGlobals) = postSolution
		SolutionGuid = {2FCC85C1-3B9D-45FC-8472-E6D810176790}
	EndGlobalSection
EndGlobal
